
Microsoft Visual Studio Solution File, Format Version 12.00
# Visual Studio Version 17
VisualStudioVersion = 17.12.35527.113
MinimumVisualStudioVersion = 10.0.40219.1
Project("{9A19103F-16F7-4668-BE54-9A1E7A4F7556}") = "VideoGameManager", "VideoGameManager\VideoGameManager.csproj", "{520986F9-5D9A-4CCC-AB9A-3F0C03797EFA}"
EndProject
Project("{FAE04EC0-301F-11D3-BF4B-00C04F79EFBC}") = "VideoGameManager.Domain", "VideoGameManager.Domain\VideoGameManager.Domain.csproj", "{D4879830-14C8-45FA-A7AF-0F992A07A8DA}"
EndProject
Project("{FAE04EC0-301F-11D3-BF4B-00C04F79EFBC}") = "VideoGameManager.Data", "VideoGameManager.Data\VideoGameManager.Data.csproj", "{2F5C9D46-B8B5-4EC1-8522-769CFE809D5A}"
EndProject
Project("{FAE04EC0-301F-11D3-BF4B-00C04F79EFBC}") = "VideoGameManager.Services", "VideoGameManager.Services\VideoGameManager.Services.csproj", "{454B60DC-4F54-46B5-A10E-C0407AA438AD}"
EndProject
Global
	GlobalSection(SolutionConfigurationPlatforms) = preSolution
		Debug|Any CPU = Debug|Any CPU
		Debug|x64 = Debug|x64
		Debug|x86 = Debug|x86
		Release|Any CPU = Release|Any CPU
		Release|x64 = Release|x64
		Release|x86 = Release|x86
	EndGlobalSection
	GlobalSection(ProjectConfigurationPlatforms) = postSolution
		{520986F9-5D9A-4CCC-AB9A-3F0C03797EFA}.Debug|Any CPU.ActiveCfg = Debug|Any CPU
		{520986F9-5D9A-4CCC-AB9A-3F0C03797EFA}.Debug|Any CPU.Build.0 = Debug|Any CPU
		{520986F9-5D9A-4CCC-AB9A-3F0C03797EFA}.Debug|x64.ActiveCfg = Debug|Any CPU
		{520986F9-5D9A-4CCC-AB9A-3F0C03797EFA}.Debug|x64.Build.0 = Debug|Any CPU
		{520986F9-5D9A-4CCC-AB9A-3F0C03797EFA}.Debug|x86.ActiveCfg = Debug|Any CPU
		{520986F9-5D9A-4CCC-AB9A-3F0C03797EFA}.Debug|x86.Build.0 = Debug|Any CPU
		{520986F9-5D9A-4CCC-AB9A-3F0C03797EFA}.Release|Any CPU.ActiveCfg = Release|Any CPU
		{520986F9-5D9A-4CCC-AB9A-3F0C03797EFA}.Release|Any CPU.Build.0 = Release|Any CPU
		{520986F9-5D9A-4CCC-AB9A-3F0C03797EFA}.Release|x64.ActiveCfg = Release|Any CPU
		{520986F9-5D9A-4CCC-AB9A-3F0C03797EFA}.Release|x64.Build.0 = Release|Any CPU
		{520986F9-5D9A-4CCC-AB9A-3F0C03797EFA}.Release|x86.ActiveCfg = Release|Any CPU
		{520986F9-5D9A-4CCC-AB9A-3F0C03797EFA}.Release|x86.Build.0 = Release|Any CPU
		{D4879830-14C8-45FA-A7AF-0F992A07A8DA}.Debug|Any CPU.ActiveCfg = Debug|Any CPU
		{D4879830-14C8-45FA-A7AF-0F992A07A8DA}.Debug|Any CPU.Build.0 = Debug|Any CPU
		{D4879830-14C8-45FA-A7AF-0F992A07A8DA}.Debug|x64.ActiveCfg = Debug|Any CPU
		{D4879830-14C8-45FA-A7AF-0F992A07A8DA}.Debug|x64.Build.0 = Debug|Any CPU
		{D4879830-14C8-45FA-A7AF-0F992A07A8DA}.Debug|x86.ActiveCfg = Debug|Any CPU
		{D4879830-14C8-45FA-A7AF-0F992A07A8DA}.Debug|x86.Build.0 = Debug|Any CPU
		{D4879830-14C8-45FA-A7AF-0F992A07A8DA}.Release|Any CPU.ActiveCfg = Release|Any CPU
		{D4879830-14C8-45FA-A7AF-0F992A07A8DA}.Release|Any CPU.Build.0 = Release|Any CPU
		{D4879830-14C8-45FA-A7AF-0F992A07A8DA}.Release|x64.ActiveCfg = Release|Any CPU
		{D4879830-14C8-45FA-A7AF-0F992A07A8DA}.Release|x64.Build.0 = Release|Any CPU
		{D4879830-14C8-45FA-A7AF-0F992A07A8DA}.Release|x86.ActiveCfg = Release|Any CPU
		{D4879830-14C8-45FA-A7AF-0F992A07A8DA}.Release|x86.Build.0 = Release|Any CPU
		{2F5C9D46-B8B5-4EC1-8522-769CFE809D5A}.Debug|Any CPU.ActiveCfg = Debug|Any CPU
		{2F5C9D46-B8B5-4EC1-8522-769CFE809D5A}.Debug|Any CPU.Build.0 = Debug|Any CPU
		{2F5C9D46-B8B5-4EC1-8522-769CFE809D5A}.Debug|x64.ActiveCfg = Debug|Any CPU
		{2F5C9D46-B8B5-4EC1-8522-769CFE809D5A}.Debug|x64.Build.0 = Debug|Any CPU
		{2F5C9D46-B8B5-4EC1-8522-769CFE809D5A}.Debug|x86.ActiveCfg = Debug|Any CPU
		{2F5C9D46-B8B5-4EC1-8522-769CFE809D5A}.Debug|x86.Build.0 = Debug|Any CPU
		{2F5C9D46-B8B5-4EC1-8522-769CFE809D5A}.Release|Any CPU.ActiveCfg = Release|Any CPU
		{2F5C9D46-B8B5-4EC1-8522-769CFE809D5A}.Release|Any CPU.Build.0 = Release|Any CPU
		{2F5C9D46-B8B5-4EC1-8522-769CFE809D5A}.Release|x64.ActiveCfg = Release|Any CPU
		{2F5C9D46-B8B5-4EC1-8522-769CFE809D5A}.Release|x64.Build.0 = Release|Any CPU
		{2F5C9D46-B8B5-4EC1-8522-769CFE809D5A}.Release|x86.ActiveCfg = Release|Any CPU
		{2F5C9D46-B8B5-4EC1-8522-769CFE809D5A}.Release|x86.Build.0 = Release|Any CPU
		{454B60DC-4F54-46B5-A10E-C0407AA438AD}.Debug|Any CPU.ActiveCfg = Debug|Any CPU
		{454B60DC-4F54-46B5-A10E-C0407AA438AD}.Debug|Any CPU.Build.0 = Debug|Any CPU
		{454B60DC-4F54-46B5-A10E-C0407AA438AD}.Debug|x64.ActiveCfg = Debug|Any CPU
		{454B60DC-4F54-46B5-A10E-C0407AA438AD}.Debug|x64.Build.0 = Debug|Any CPU
		{454B60DC-4F54-46B5-A10E-C0407AA438AD}.Debug|x86.ActiveCfg = Debug|Any CPU
		{454B60DC-4F54-46B5-A10E-C0407AA438AD}.Debug|x86.Build.0 = Debug|Any CPU
		{454B60DC-4F54-46B5-A10E-C0407AA438AD}.Release|Any CPU.ActiveCfg = Release|Any CPU
		{454B60DC-4F54-46B5-A10E-C0407AA438AD}.Release|Any CPU.Build.0 = Release|Any CPU
		{454B60DC-4F54-46B5-A10E-C0407AA438AD}.Release|x64.ActiveCfg = Release|Any CPU
		{454B60DC-4F54-46B5-A10E-C0407AA438AD}.Release|x64.Build.0 = Release|Any CPU
		{454B60DC-4F54-46B5-A10E-C0407AA438AD}.Release|x86.ActiveCfg = Release|Any CPU
		{454B60DC-4F54-46B5-A10E-C0407AA438AD}.Release|x86.Build.0 = Release|Any CPU
	EndGlobalSection
	GlobalSection(SolutionProperties) = preSolution
		HideSolutionNode = FALSE
	EndGlobalSection
EndGlobal
